
Microsoft Visual Studio Solution File, Format Version 12.00
# Visual Studio Version 17
VisualStudioVersion = 17.0.31919.166
MinimumVisualStudioVersion = 10.0.40219.1
Project("{FAE04EC0-301F-11D3-BF4B-00C04F79EFBC}") = "AKARmpwebsite.Entities", "AKARmpwebsite.Entities\AKARmpwebsite.Entities.csproj", "{CF164533-69A1-4057-BF2C-B763B060D497}"
EndProject
Project("{FAE04EC0-301F-11D3-BF4B-00C04F79EFBC}") = "AKARmpwebsite.DataAccess", "AKARmpwebsite.DataAccess\AKARmpwebsite.DataAccess.csproj", "{3A05E60F-6CDC-45E6-BD5E-C63E428BFF2F}"
EndProject
Global
	GlobalSection(SolutionConfigurationPlatforms) = preSolution
		Debug|Any CPU = Debug|Any CPU
		Release|Any CPU = Release|Any CPU
	EndGlobalSection
	GlobalSection(ProjectConfigurationPlatforms) = postSolution
		{CF164533-69A1-4057-BF2C-B763B060D497}.Debug|Any CPU.ActiveCfg = Debug|Any CPU
		{CF164533-69A1-4057-BF2C-B763B060D497}.Debug|Any CPU.Build.0 = Debug|Any CPU
		{CF164533-69A1-4057-BF2C-B763B060D497}.Release|Any CPU.ActiveCfg = Release|Any CPU
		{CF164533-69A1-4057-BF2C-B763B060D497}.Release|Any CPU.Build.0 = Release|Any CPU
		{3A05E60F-6CDC-45E6-BD5E-C63E428BFF2F}.Debug|Any CPU.ActiveCfg = Debug|Any CPU
		{3A05E60F-6CDC-45E6-BD5E-C63E428BFF2F}.Debug|Any CPU.Build.0 = Debug|Any CPU
		{3A05E60F-6CDC-45E6-BD5E-C63E428BFF2F}.Release|Any CPU.ActiveCfg = Release|Any CPU
		{3A05E60F-6CDC-45E6-BD5E-C63E428BFF2F}.Release|Any CPU.Build.0 = Release|Any CPU
	EndGlobalSection
	GlobalSection(SolutionProperties) = preSolution
		HideSolutionNode = FALSE
	EndGlobalSection
	GlobalSection(ExtensibilityGlobals) = postSolution
		SolutionGuid = {F7CB332B-6638-4A8C-8A18-DE1D1389D4CB}
	EndGlobalSection
EndGlobal
